
Microsoft Visual Studio Solution File, Format Version 12.00
# Visual Studio Version 17
VisualStudioVersion = 17.7.34221.43
MinimumVisualStudioVersion = 10.0.40219.1
Project("{9A19103F-16F7-4668-BE54-9A1E7A4F7556}") = "SR3Generator.Data", "SR3Generator.Data\SR3Generator.Data.csproj", "{24A32C7C-54CA-41D6-8638-697B3EAAC888}"
EndProject
Project("{9A19103F-16F7-4668-BE54-9A1E7A4F7556}") = "SR3Generator.Creation", "SR3Generator.Creation\SR3Generator.Creation.csproj", "{3BC07996-4859-4E47-9326-7990C71050C3}"
EndProject
Project("{9A19103F-16F7-4668-BE54-9A1E7A4F7556}") = "SR3Generator.Creation.Test", "SR3Generator.Creation.Test\SR3Generator.Creation.Test.csproj", "{63156E02-2811-4A34-8089-51A8D99BA8AA}"
EndProject
Project("{9A19103F-16F7-4668-BE54-9A1E7A4F7556}") = "SR3Generator.Database", "SR3Generator.Database\SR3Generator.Database.csproj", "{2318FB39-B98B-4C4D-B452-2ADA0657C9AA}"
EndProject
Project("{2150E333-8FDC-42A3-9474-1A3956D46DE8}") = "Tests", "Tests", "{AD939CD4-A308-4A21-A08E-FF4EE40D7D74}"
EndProject
Project("{FAE04EC0-301F-11D3-BF4B-00C04F79EFBC}") = "SR3Generator.Database.Test", "SR3Generator.Database.Test\SR3Generator.Database.Test.csproj", "{17AD2DCD-9577-4129-9FAC-005D82AE490A}"
EndProject
Global
	GlobalSection(SolutionConfigurationPlatforms) = preSolution
		Debug|Any CPU = Debug|Any CPU
		Debug|ARM = Debug|ARM
		Debug|ARM64 = Debug|ARM64
		Debug|x64 = Debug|x64
		Debug|x86 = Debug|x86
		Release|Any CPU = Release|Any CPU
		Release|ARM = Release|ARM
		Release|ARM64 = Release|ARM64
		Release|x64 = Release|x64
		Release|x86 = Release|x86
	EndGlobalSection
	GlobalSection(ProjectConfigurationPlatforms) = postSolution
		{24A32C7C-54CA-41D6-8638-697B3EAAC888}.Debug|Any CPU.ActiveCfg = Debug|Any CPU
		{24A32C7C-54CA-41D6-8638-697B3EAAC888}.Debug|Any CPU.Build.0 = Debug|Any CPU
		{24A32C7C-54CA-41D6-8638-697B3EAAC888}.Debug|ARM.ActiveCfg = Debug|Any CPU
		{24A32C7C-54CA-41D6-8638-697B3EAAC888}.Debug|ARM.Build.0 = Debug|Any CPU
		{24A32C7C-54CA-41D6-8638-697B3EAAC888}.Debug|ARM64.ActiveCfg = Debug|Any CPU
		{24A32C7C-54CA-41D6-8638-697B3EAAC888}.Debug|ARM64.Build.0 = Debug|Any CPU
		{24A32C7C-54CA-41D6-8638-697B3EAAC888}.Debug|x64.ActiveCfg = Debug|Any CPU
		{24A32C7C-54CA-41D6-8638-697B3EAAC888}.Debug|x64.Build.0 = Debug|Any CPU
		{24A32C7C-54CA-41D6-8638-697B3EAAC888}.Debug|x86.ActiveCfg = Debug|Any CPU
		{24A32C7C-54CA-41D6-8638-697B3EAAC888}.Debug|x86.Build.0 = Debug|Any CPU
		{24A32C7C-54CA-41D6-8638-697B3EAAC888}.Release|Any CPU.ActiveCfg = Release|Any CPU
		{24A32C7C-54CA-41D6-8638-697B3EAAC888}.Release|Any CPU.Build.0 = Release|Any CPU
		{24A32C7C-54CA-41D6-8638-697B3EAAC888}.Release|ARM.ActiveCfg = Release|Any CPU
		{24A32C7C-54CA-41D6-8638-697B3EAAC888}.Release|ARM.Build.0 = Release|Any CPU
		{24A32C7C-54CA-41D6-8638-697B3EAAC888}.Release|ARM64.ActiveCfg = Release|Any CPU
		{24A32C7C-54CA-41D6-8638-697B3EAAC888}.Release|ARM64.Build.0 = Release|Any CPU
		{24A32C7C-54CA-41D6-8638-697B3EAAC888}.Release|x64.ActiveCfg = Release|Any CPU
		{24A32C7C-54CA-41D6-8638-697B3EAAC888}.Release|x64.Build.0 = Release|Any CPU
		{24A32C7C-54CA-41D6-8638-697B3EAAC888}.Release|x86.ActiveCfg = Release|Any CPU
		{24A32C7C-54CA-41D6-8638-697B3EAAC888}.Release|x86.Build.0 = Release|Any CPU
		{3BC07996-4859-4E47-9326-7990C71050C3}.Debug|Any CPU.ActiveCfg = Debug|Any CPU
		{3BC07996-4859-4E47-9326-7990C71050C3}.Debug|Any CPU.Build.0 = Debug|Any CPU
		{3BC07996-4859-4E47-9326-7990C71050C3}.Debug|ARM.ActiveCfg = Debug|Any CPU
		{3BC07996-4859-4E47-9326-7990C71050C3}.Debug|ARM.Build.0 = Debug|Any CPU
		{3BC07996-4859-4E47-9326-7990C71050C3}.Debug|ARM64.ActiveCfg = Debug|Any CPU
		{3BC07996-4859-4E47-9326-7990C71050C3}.Debug|ARM64.Build.0 = Debug|Any CPU
		{3BC07996-4859-4E47-9326-7990C71050C3}.Debug|x64.ActiveCfg = Debug|Any CPU
		{3BC07996-4859-4E47-9326-7990C71050C3}.Debug|x64.Build.0 = Debug|Any CPU
		{3BC07996-4859-4E47-9326-7990C71050C3}.Debug|x86.ActiveCfg = Debug|Any CPU
		{3BC07996-4859-4E47-9326-7990C71050C3}.Debug|x86.Build.0 = Debug|Any CPU
		{3BC07996-4859-4E47-9326-7990C71050C3}.Release|Any CPU.ActiveCfg = Release|Any CPU
		{3BC07996-4859-4E47-9326-7990C71050C3}.Release|Any CPU.Build.0 = Release|Any CPU
		{3BC07996-4859-4E47-9326-7990C71050C3}.Release|ARM.ActiveCfg = Release|Any CPU
		{3BC07996-4859-4E47-9326-7990C71050C3}.Release|ARM.Build.0 = Release|Any CPU
		{3BC07996-4859-4E47-9326-7990C71050C3}.Release|ARM64.ActiveCfg = Release|Any CPU
		{3BC07996-4859-4E47-9326-7990C71050C3}.Release|ARM64.Build.0 = Release|Any CPU
		{3BC07996-4859-4E47-9326-7990C71050C3}.Release|x64.ActiveCfg = Release|Any CPU
		{3BC07996-4859-4E47-9326-7990C71050C3}.Release|x64.Build.0 = Release|Any CPU
		{3BC07996-4859-4E47-9326-7990C71050C3}.Release|x86.ActiveCfg = Release|Any CPU
		{3BC07996-4859-4E47-9326-7990C71050C3}.Release|x86.Build.0 = Release|Any CPU
		{63156E02-2811-4A34-8089-51A8D99BA8AA}.Debug|Any CPU.ActiveCfg = Debug|Any CPU
		{63156E02-2811-4A34-8089-51A8D99BA8AA}.Debug|Any CPU.Build.0 = Debug|Any CPU
		{63156E02-2811-4A34-8089-51A8D99BA8AA}.Debug|ARM.ActiveCfg = Debug|Any CPU
		{63156E02-2811-4A34-8089-51A8D99BA8AA}.Debug|ARM.Build.0 = Debug|Any CPU
		{63156E02-2811-4A34-8089-51A8D99BA8AA}.Debug|ARM64.ActiveCfg = Debug|Any CPU
		{63156E02-2811-4A34-8089-51A8D99BA8AA}.Debug|ARM64.Build.0 = Debug|Any CPU
		{63156E02-2811-4A34-8089-51A8D99BA8AA}.Debug|x64.ActiveCfg = Debug|Any CPU
		{63156E02-2811-4A34-8089-51A8D99BA8AA}.Debug|x64.Build.0 = Debug|Any CPU
		{63156E02-2811-4A34-8089-51A8D99BA8AA}.Debug|x86.ActiveCfg = Debug|Any CPU
		{63156E02-2811-4A34-8089-51A8D99BA8AA}.Debug|x86.Build.0 = Debug|Any CPU
		{63156E02-2811-4A34-8089-51A8D99BA8AA}.Release|Any CPU.ActiveCfg = Release|Any CPU
		{63156E02-2811-4A34-8089-51A8D99BA8AA}.Release|Any CPU.Build.0 = Release|Any CPU
		{63156E02-2811-4A34-8089-51A8D99BA8AA}.Release|ARM.ActiveCfg = Release|Any CPU
		{63156E02-2811-4A34-8089-51A8D99BA8AA}.Release|ARM.Build.0 = Release|Any CPU
		{63156E02-2811-4A34-8089-51A8D99BA8AA}.Release|ARM64.ActiveCfg = Release|Any CPU
		{63156E02-2811-4A34-8089-51A8D99BA8AA}.Release|ARM64.Build.0 = Release|Any CPU
		{63156E02-2811-4A34-8089-51A8D99BA8AA}.Release|x64.ActiveCfg = Release|Any CPU
		{63156E02-2811-4A34-8089-51A8D99BA8AA}.Release|x64.Build.0 = Release|Any CPU
		{63156E02-2811-4A34-8089-51A8D99BA8AA}.Release|x86.ActiveCfg = Release|Any CPU
		{63156E02-2811-4A34-8089-51A8D99BA8AA}.Release|x86.Build.0 = Release|Any CPU
		{2318FB39-B98B-4C4D-B452-2ADA0657C9AA}.Debug|Any CPU.ActiveCfg = Debug|Any CPU
		{2318FB39-B98B-4C4D-B452-2ADA0657C9AA}.Debug|Any CPU.Build.0 = Debug|Any CPU
		{2318FB39-B98B-4C4D-B452-2ADA0657C9AA}.Debug|ARM.ActiveCfg = Debug|Any CPU
		{2318FB39-B98B-4C4D-B452-2ADA0657C9AA}.Debug|ARM.Build.0 = Debug|Any CPU
		{2318FB39-B98B-4C4D-B452-2ADA0657C9AA}.Debug|ARM64.ActiveCfg = Debug|Any CPU
		{2318FB39-B98B-4C4D-B452-2ADA0657C9AA}.Debug|ARM64.Build.0 = Debug|Any CPU
		{2318FB39-B98B-4C4D-B452-2ADA0657C9AA}.Debug|x64.ActiveCfg = Debug|Any CPU
		{2318FB39-B98B-4C4D-B452-2ADA0657C9AA}.Debug|x64.Build.0 = Debug|Any CPU
		{2318FB39-B98B-4C4D-B452-2ADA0657C9AA}.Debug|x86.ActiveCfg = Debug|Any CPU
		{2318FB39-B98B-4C4D-B452-2ADA0657C9AA}.Debug|x86.Build.0 = Debug|Any CPU
		{2318FB39-B98B-4C4D-B452-2ADA0657C9AA}.Release|Any CPU.ActiveCfg = Release|Any CPU
		{2318FB39-B98B-4C4D-B452-2ADA0657C9AA}.Release|Any CPU.Build.0 = Release|Any CPU
		{2318FB39-B98B-4C4D-B452-2ADA0657C9AA}.Release|ARM.ActiveCfg = Release|Any CPU
		{2318FB39-B98B-4C4D-B452-2ADA0657C9AA}.Release|ARM.Build.0 = Release|Any CPU
		{2318FB39-B98B-4C4D-B452-2ADA0657C9AA}.Release|ARM64.ActiveCfg = Release|Any CPU
		{2318FB39-B98B-4C4D-B452-2ADA0657C9AA}.Release|ARM64.Build.0 = Release|Any CPU
		{2318FB39-B98B-4C4D-B452-2ADA0657C9AA}.Release|x64.ActiveCfg = Release|Any CPU
		{2318FB39-B98B-4C4D-B452-2ADA0657C9AA}.Release|x64.Build.0 = Release|Any CPU
		{2318FB39-B98B-4C4D-B452-2ADA0657C9AA}.Release|x86.ActiveCfg = Release|Any CPU
		{2318FB39-B98B-4C4D-B452-2ADA0657C9AA}.Release|x86.Build.0 = Release|Any CPU
		{17AD2DCD-9577-4129-9FAC-005D82AE490A}.Debug|Any CPU.ActiveCfg = Debug|Any CPU
		{17AD2DCD-9577-4129-9FAC-005D82AE490A}.Debug|Any CPU.Build.0 = Debug|Any CPU
		{17AD2DCD-9577-4129-9FAC-005D82AE490A}.Debug|ARM.ActiveCfg = Debug|Any CPU
		{17AD2DCD-9577-4129-9FAC-005D82AE490A}.Debug|ARM.Build.0 = Debug|Any CPU
		{17AD2DCD-9577-4129-9FAC-005D82AE490A}.Debug|ARM64.ActiveCfg = Debug|Any CPU
		{17AD2DCD-9577-4129-9FAC-005D82AE490A}.Debug|ARM64.Build.0 = Debug|Any CPU
		{17AD2DCD-9577-4129-9FAC-005D82AE490A}.Debug|x64.ActiveCfg = Debug|Any CPU
		{17AD2DCD-9577-4129-9FAC-005D82AE490A}.Debug|x64.Build.0 = Debug|Any CPU
		{17AD2DCD-9577-4129-9FAC-005D82AE490A}.Debug|x86.ActiveCfg = Debug|Any CPU
		{17AD2DCD-9577-4129-9FAC-005D82AE490A}.Debug|x86.Build.0 = Debug|Any CPU
		{17AD2DCD-9577-4129-9FAC-005D82AE490A}.Release|Any CPU.ActiveCfg = Release|Any CPU
		{17AD2DCD-9577-4129-9FAC-005D82AE490A}.Release|Any CPU.Build.0 = Release|Any CPU
		{17AD2DCD-9577-4129-9FAC-005D82AE490A}.Release|ARM.ActiveCfg = Release|Any CPU
		{17AD2DCD-9577-4129-9FAC-005D82AE490A}.Release|ARM.Build.0 = Release|Any CPU
		{17AD2DCD-9577-4129-9FAC-005D82AE490A}.Release|ARM64.ActiveCfg = Release|Any CPU
		{17AD2DCD-9577-4129-9FAC-005D82AE490A}.Release|ARM64.Build.0 = Release|Any CPU
		{17AD2DCD-9577-4129-9FAC-005D82AE490A}.Release|x64.ActiveCfg = Release|Any CPU
		{17AD2DCD-9577-4129-9FAC-005D82AE490A}.Release|x64.Build.0 = Release|Any CPU
		{17AD2DCD-9577-4129-9FAC-005D82AE490A}.Release|x86.ActiveCfg = Release|Any CPU
		{17AD2DCD-9577-4129-9FAC-005D82AE490A}.Release|x86.Build.0 = Release|Any CPU
	EndGlobalSection
	GlobalSection(SolutionProperties) = preSolution
		HideSolutionNode = FALSE
	EndGlobalSection
	GlobalSection(NestedProjects) = preSolution
		{63156E02-2811-4A34-8089-51A8D99BA8AA} = {AD939CD4-A308-4A21-A08E-FF4EE40D7D74}
		{17AD2DCD-9577-4129-9FAC-005D82AE490A} = {AD939CD4-A308-4A21-A08E-FF4EE40D7D74}
	EndGlobalSection
	GlobalSection(ExtensibilityGlobals) = postSolution
		SolutionGuid = {C56A2B04-D77C-4259-B128-254589C1327B}
	EndGlobalSection
EndGlobal
